
Microsoft Visual Studio Solution File, Format Version 12.00
# Visual Studio Version 17
VisualStudioVersion = 17.14.36414.22 d17.14
MinimumVisualStudioVersion = 10.0.40219.1
Project("{FAE04EC0-301F-11D3-BF4B-00C04F79EFBC}") = "Laboratorio19", "Laboratorio19\Laboratorio19.csproj", "{3D2C4411-8126-46CD-8599-E43CA581E510}"
EndProject
Global
	GlobalSection(SolutionConfigurationPlatforms) = preSolution
		Debug|Any CPU = Debug|Any CPU
		Release|Any CPU = Release|Any CPU
	EndGlobalSection
	GlobalSection(ProjectConfigurationPlatforms) = postSolution
		{3D2C4411-8126-46CD-8599-E43CA581E510}.Debug|Any CPU.ActiveCfg = Debug|Any CPU
		{3D2C4411-8126-46CD-8599-E43CA581E510}.Debug|Any CPU.Build.0 = Debug|Any CPU
		{3D2C4411-8126-46CD-8599-E43CA581E510}.Release|Any CPU.ActiveCfg = Release|Any CPU
		{3D2C4411-8126-46CD-8599-E43CA581E510}.Release|Any CPU.Build.0 = Release|Any CPU
	EndGlobalSection
	GlobalSection(SolutionProperties) = preSolution
		HideSolutionNode = FALSE
	EndGlobalSection
	GlobalSection(ExtensibilityGlobals) = postSolution
		SolutionGuid = {64B8C4E4-6405-485B-A73B-58B3B8CFC409}
	EndGlobalSection
EndGlobal
