
Microsoft Visual Studio Solution File, Format Version 12.00
# Visual Studio Version 17
VisualStudioVersion = 17.14.36414.22 d17.14
MinimumVisualStudioVersion = 10.0.40219.1
Project("{FAE04EC0-301F-11D3-BF4B-00C04F79EFBC}") = "Laboratorio7", "Laboratorio7\Laboratorio7.csproj", "{76C78F53-D110-405E-ABAC-A06B3FE6E434}"
EndProject
Project("{FAE04EC0-301F-11D3-BF4B-00C04F79EFBC}") = "Laboratorio72", "Laboratorio72\Laboratorio72.csproj", "{77FB04AD-93FB-4703-959D-A5680CF50AED}"
EndProject
Global
	GlobalSection(SolutionConfigurationPlatforms) = preSolution
		Debug|Any CPU = Debug|Any CPU
		Release|Any CPU = Release|Any CPU
	EndGlobalSection
	GlobalSection(ProjectConfigurationPlatforms) = postSolution
		{76C78F53-D110-405E-ABAC-A06B3FE6E434}.Debug|Any CPU.ActiveCfg = Debug|Any CPU
		{76C78F53-D110-405E-ABAC-A06B3FE6E434}.Debug|Any CPU.Build.0 = Debug|Any CPU
		{76C78F53-D110-405E-ABAC-A06B3FE6E434}.Release|Any CPU.ActiveCfg = Release|Any CPU
		{76C78F53-D110-405E-ABAC-A06B3FE6E434}.Release|Any CPU.Build.0 = Release|Any CPU
		{77FB04AD-93FB-4703-959D-A5680CF50AED}.Debug|Any CPU.ActiveCfg = Debug|Any CPU
		{77FB04AD-93FB-4703-959D-A5680CF50AED}.Debug|Any CPU.Build.0 = Debug|Any CPU
		{77FB04AD-93FB-4703-959D-A5680CF50AED}.Release|Any CPU.ActiveCfg = Release|Any CPU
		{77FB04AD-93FB-4703-959D-A5680CF50AED}.Release|Any CPU.Build.0 = Release|Any CPU
	EndGlobalSection
	GlobalSection(SolutionProperties) = preSolution
		HideSolutionNode = FALSE
	EndGlobalSection
	GlobalSection(ExtensibilityGlobals) = postSolution
		SolutionGuid = {EB9DD1A7-ADFC-4EB6-B71E-32B846D0F581}
	EndGlobalSection
EndGlobal
