
Microsoft Visual Studio Solution File, Format Version 12.00
# Visual Studio Version 17
VisualStudioVersion = 17.14.36414.22 d17.14
MinimumVisualStudioVersion = 10.0.40219.1
Project("{FAE04EC0-301F-11D3-BF4B-00C04F79EFBC}") = "Laboratorio13", "Laboratorio13\Laboratorio13.csproj", "{77E68FE5-81E3-4486-B4F1-19C7F6DEE4F4}"
EndProject
Global
	GlobalSection(SolutionConfigurationPlatforms) = preSolution
		Debug|Any CPU = Debug|Any CPU
		Release|Any CPU = Release|Any CPU
	EndGlobalSection
	GlobalSection(ProjectConfigurationPlatforms) = postSolution
		{77E68FE5-81E3-4486-B4F1-19C7F6DEE4F4}.Debug|Any CPU.ActiveCfg = Debug|Any CPU
		{77E68FE5-81E3-4486-B4F1-19C7F6DEE4F4}.Debug|Any CPU.Build.0 = Debug|Any CPU
		{77E68FE5-81E3-4486-B4F1-19C7F6DEE4F4}.Release|Any CPU.ActiveCfg = Release|Any CPU
		{77E68FE5-81E3-4486-B4F1-19C7F6DEE4F4}.Release|Any CPU.Build.0 = Release|Any CPU
	EndGlobalSection
	GlobalSection(SolutionProperties) = preSolution
		HideSolutionNode = FALSE
	EndGlobalSection
	GlobalSection(ExtensibilityGlobals) = postSolution
		SolutionGuid = {4881BEED-7F09-45AC-8995-09A4E02743F4}
	EndGlobalSection
EndGlobal
