
Microsoft Visual Studio Solution File, Format Version 12.00
# Visual Studio Version 17
VisualStudioVersion = 17.14.36414.22 d17.14
MinimumVisualStudioVersion = 10.0.40219.1
Project("{FAE04EC0-301F-11D3-BF4B-00C04F79EFBC}") = "Laboratorio14", "Laboratorio14\Laboratorio14.csproj", "{0AA23A94-1F5A-4956-A8C4-4DCC3AE93151}"
EndProject
Global
	GlobalSection(SolutionConfigurationPlatforms) = preSolution
		Debug|Any CPU = Debug|Any CPU
		Release|Any CPU = Release|Any CPU
	EndGlobalSection
	GlobalSection(ProjectConfigurationPlatforms) = postSolution
		{0AA23A94-1F5A-4956-A8C4-4DCC3AE93151}.Debug|Any CPU.ActiveCfg = Debug|Any CPU
		{0AA23A94-1F5A-4956-A8C4-4DCC3AE93151}.Debug|Any CPU.Build.0 = Debug|Any CPU
		{0AA23A94-1F5A-4956-A8C4-4DCC3AE93151}.Release|Any CPU.ActiveCfg = Release|Any CPU
		{0AA23A94-1F5A-4956-A8C4-4DCC3AE93151}.Release|Any CPU.Build.0 = Release|Any CPU
	EndGlobalSection
	GlobalSection(SolutionProperties) = preSolution
		HideSolutionNode = FALSE
	EndGlobalSection
	GlobalSection(ExtensibilityGlobals) = postSolution
		SolutionGuid = {BE83F7A9-00D9-4C6C-B31B-5C8CD71C04D3}
	EndGlobalSection
EndGlobal
